
Microsoft Visual Studio Solution File, Format Version 12.00
# Visual Studio Version 17
VisualStudioVersion = 17.4.32916.344
MinimumVisualStudioVersion = 10.0.40219.1
Project("{FAE04EC0-301F-11D3-BF4B-00C04F79EFBC}") = "RichNoteCore", "RichNoteCore.csproj", "{2DE844D9-6DC3-4D7D-B8C6-D915DE36BEEC}"
EndProject
Global
	GlobalSection(SolutionConfigurationPlatforms) = preSolution
		Debug|Any CPU = Debug|Any CPU
		Release|Any CPU = Release|Any CPU
	EndGlobalSection
	GlobalSection(ProjectConfigurationPlatforms) = postSolution
		{2DE844D9-6DC3-4D7D-B8C6-D915DE36BEEC}.Debug|Any CPU.ActiveCfg = Debug|Any CPU
		{2DE844D9-6DC3-4D7D-B8C6-D915DE36BEEC}.Debug|Any CPU.Build.0 = Debug|Any CPU
		{2DE844D9-6DC3-4D7D-B8C6-D915DE36BEEC}.Release|Any CPU.ActiveCfg = Release|Any CPU
		{2DE844D9-6DC3-4D7D-B8C6-D915DE36BEEC}.Release|Any CPU.Build.0 = Release|Any CPU
	EndGlobalSection
	GlobalSection(SolutionProperties) = preSolution
		HideSolutionNode = FALSE
	EndGlobalSection
	GlobalSection(ExtensibilityGlobals) = postSolution
		SolutionGuid = {15668034-49FB-4923-9BF9-FF451BF9623D}
	EndGlobalSection
EndGlobal
